// !$*UTF8*$!
{
	archiveVersion = 1;
	classes = {
	};
	objectVersion = 55;
	objects = {

/* Begin PBXBuildFile section */
		D44C2BAD27177F0500281A9D /* PlannerApp.swift in Sources */ = {isa = PBXBuildFile; fileRef = D44C2BAC27177F0500281A9D /* PlannerApp.swift */; };
		D44C2BAF27177F0500281A9D /* Start.swift in Sources */ = {isa = PBXBuildFile; fileRef = D44C2BAE27177F0500281A9D /* Start.swift */; };
		D44C2BB127177F0700281A9D /* Assets.xcassets in Resources */ = {isa = PBXBuildFile; fileRef = D44C2BB027177F0700281A9D /* Assets.xcassets */; };
		D44C2BB427177F0700281A9D /* Preview Assets.xcassets in Resources */ = {isa = PBXBuildFile; fileRef = D44C2BB327177F0700281A9D /* Preview Assets.xcassets */; };
		D44C2BBE27177F0700281A9D /* PlannerTests.swift in Sources */ = {isa = PBXBuildFile; fileRef = D44C2BBD27177F0700281A9D /* PlannerTests.swift */; };
		D44C2BC827177F0700281A9D /* PlannerUITests.swift in Sources */ = {isa = PBXBuildFile; fileRef = D44C2BC727177F0700281A9D /* PlannerUITests.swift */; };
		D44C2BCA27177F0700281A9D /* PlannerUITestsLaunchTests.swift in Sources */ = {isa = PBXBuildFile; fileRef = D44C2BC927177F0700281A9D /* PlannerUITestsLaunchTests.swift */; };
		D44C2BDA27177F9900281A9D /* HomeView.swift in Sources */ = {isa = PBXBuildFile; fileRef = D44C2BD927177F9900281A9D /* HomeView.swift */; };
		D44C2BDC27177FD700281A9D /* settings.swift in Sources */ = {isa = PBXBuildFile; fileRef = D44C2BDB27177FD700281A9D /* settings.swift */; };
		D44C2BE127177FE400281A9D /* search.swift in Sources */ = {isa = PBXBuildFile; fileRef = D44C2BDD27177FE400281A9D /* search.swift */; };
		D44C2BE227177FE400281A9D /* strings.swift in Sources */ = {isa = PBXBuildFile; fileRef = D44C2BDE27177FE400281A9D /* strings.swift */; };
		D44C2BE327177FE400281A9D /* colors.swift in Sources */ = {isa = PBXBuildFile; fileRef = D44C2BDF27177FE400281A9D /* colors.swift */; };
		D44C2BE427177FE400281A9D /* buttons.swift in Sources */ = {isa = PBXBuildFile; fileRef = D44C2BE027177FE400281A9D /* buttons.swift */; };
		D44C2BE827177FED00281A9D /* SpectralMedium.ttf in Resources */ = {isa = PBXBuildFile; fileRef = D44C2BE627177FED00281A9D /* SpectralMedium.ttf */; };
		D44C2BE927177FED00281A9D /* SourceCodeRegular.ttf in Resources */ = {isa = PBXBuildFile; fileRef = D44C2BE727177FED00281A9D /* SourceCodeRegular.ttf */; };
		D44C2BEC2717806700281A9D /* db.swift in Sources */ = {isa = PBXBuildFile; fileRef = D44C2BEB2717806700281A9D /* db.swift */; };
		D44C2BEF2717807D00281A9D /* Alamofire in Frameworks */ = {isa = PBXBuildFile; productRef = D44C2BEE2717807D00281A9D /* Alamofire */; };
		D44C2BF22717808900281A9D /* Introspect in Frameworks */ = {isa = PBXBuildFile; productRef = D44C2BF12717808900281A9D /* Introspect */; };
		D44C2BF5271780A800281A9D /* Realm in Frameworks */ = {isa = PBXBuildFile; productRef = D44C2BF4271780A800281A9D /* Realm */; };
		D44C2BF7271780A800281A9D /* RealmSwift in Frameworks */ = {isa = PBXBuildFile; productRef = D44C2BF6271780A800281A9D /* RealmSwift */; };
		D44C2BFA271780BD00281A9D /* SwiftyJSON in Frameworks */ = {isa = PBXBuildFile; productRef = D44C2BF9271780BD00281A9D /* SwiftyJSON */; };
		D44C2BFD271780D200281A9D /* YandexMobileMetrica in Frameworks */ = {isa = PBXBuildFile; productRef = D44C2BFC271780D200281A9D /* YandexMobileMetrica */; };
		D44C2C002717810100281A9D /* AddView.swift in Sources */ = {isa = PBXBuildFile; fileRef = D44C2BFF2717810100281A9D /* AddView.swift */; };
		D44C2C02271781AD00281A9D /* logic.swift in Sources */ = {isa = PBXBuildFile; fileRef = D44C2C01271781AD00281A9D /* logic.swift */; };
		D44C2C05271785EF00281A9D /* Launch Screen.storyboard in Resources */ = {isa = PBXBuildFile; fileRef = D44C2C04271785EF00281A9D /* Launch Screen.storyboard */; };
		D44C2C07271790F700281A9D /* taskView.swift in Sources */ = {isa = PBXBuildFile; fileRef = D44C2C06271790F700281A9D /* taskView.swift */; };
		D44C2C0B271821BD00281A9D /* gestures.swift in Sources */ = {isa = PBXBuildFile; fileRef = D44C2C0A271821BD00281A9D /* gestures.swift */; };
		D44C2C0E271825C300281A9D /* SettingsView.swift in Sources */ = {isa = PBXBuildFile; fileRef = D44C2C0D271825C300281A9D /* SettingsView.swift */; };
/* End PBXBuildFile section */

/* Begin PBXContainerItemProxy section */
		D44C2BBA27177F0700281A9D /* PBXContainerItemProxy */ = {
			isa = PBXContainerItemProxy;
			containerPortal = D44C2BA127177F0500281A9D /* Project object */;
			proxyType = 1;
			remoteGlobalIDString = D44C2BA827177F0500281A9D;
			remoteInfo = Planner;
		};
		D44C2BC427177F0700281A9D /* PBXContainerItemProxy */ = {
			isa = PBXContainerItemProxy;
			containerPortal = D44C2BA127177F0500281A9D /* Project object */;
			proxyType = 1;
			remoteGlobalIDString = D44C2BA827177F0500281A9D;
			remoteInfo = Planner;
		};
/* End PBXContainerItemProxy section */

/* Begin PBXFileReference section */
		D44C2BA927177F0500281A9D /* Planner.app */ = {isa = PBXFileReference; explicitFileType = wrapper.application; includeInIndex = 0; path = Planner.app; sourceTree = BUILT_PRODUCTS_DIR; };
		D44C2BAC27177F0500281A9D /* PlannerApp.swift */ = {isa = PBXFileReference; lastKnownFileType = sourcecode.swift; path = PlannerApp.swift; sourceTree = "<group>"; };
		D44C2BAE27177F0500281A9D /* Start.swift */ = {isa = PBXFileReference; lastKnownFileType = sourcecode.swift; path = Start.swift; sourceTree = "<group>"; };
		D44C2BB027177F0700281A9D /* Assets.xcassets */ = {isa = PBXFileReference; lastKnownFileType = folder.assetcatalog; path = Assets.xcassets; sourceTree = "<group>"; };
		D44C2BB327177F0700281A9D /* Preview Assets.xcassets */ = {isa = PBXFileReference; lastKnownFileType = folder.assetcatalog; path = "Preview Assets.xcassets"; sourceTree = "<group>"; };
		D44C2BB927177F0700281A9D /* PlannerTests.xctest */ = {isa = PBXFileReference; explicitFileType = wrapper.cfbundle; includeInIndex = 0; path = PlannerTests.xctest; sourceTree = BUILT_PRODUCTS_DIR; };
		D44C2BBD27177F0700281A9D /* PlannerTests.swift */ = {isa = PBXFileReference; lastKnownFileType = sourcecode.swift; path = PlannerTests.swift; sourceTree = "<group>"; };
		D44C2BC327177F0700281A9D /* PlannerUITests.xctest */ = {isa = PBXFileReference; explicitFileType = wrapper.cfbundle; includeInIndex = 0; path = PlannerUITests.xctest; sourceTree = BUILT_PRODUCTS_DIR; };
		D44C2BC727177F0700281A9D /* PlannerUITests.swift */ = {isa = PBXFileReference; lastKnownFileType = sourcecode.swift; path = PlannerUITests.swift; sourceTree = "<group>"; };
		D44C2BC927177F0700281A9D /* PlannerUITestsLaunchTests.swift */ = {isa = PBXFileReference; lastKnownFileType = sourcecode.swift; path = PlannerUITestsLaunchTests.swift; sourceTree = "<group>"; };
		D44C2BD927177F9900281A9D /* HomeView.swift */ = {isa = PBXFileReference; lastKnownFileType = sourcecode.swift; path = HomeView.swift; sourceTree = "<group>"; };
		D44C2BDB27177FD700281A9D /* settings.swift */ = {isa = PBXFileReference; lastKnownFileType = sourcecode.swift; path = settings.swift; sourceTree = "<group>"; };
		D44C2BDD27177FE400281A9D /* search.swift */ = {isa = PBXFileReference; fileEncoding = 4; lastKnownFileType = sourcecode.swift; path = search.swift; sourceTree = "<group>"; };
		D44C2BDE27177FE400281A9D /* strings.swift */ = {isa = PBXFileReference; fileEncoding = 4; lastKnownFileType = sourcecode.swift; path = strings.swift; sourceTree = "<group>"; };
		D44C2BDF27177FE400281A9D /* colors.swift */ = {isa = PBXFileReference; fileEncoding = 4; lastKnownFileType = sourcecode.swift; path = colors.swift; sourceTree = "<group>"; };
		D44C2BE027177FE400281A9D /* buttons.swift */ = {isa = PBXFileReference; fileEncoding = 4; lastKnownFileType = sourcecode.swift; path = buttons.swift; sourceTree = "<group>"; };
		D44C2BE627177FED00281A9D /* SpectralMedium.ttf */ = {isa = PBXFileReference; lastKnownFileType = file; path = SpectralMedium.ttf; sourceTree = "<group>"; };
		D44C2BE727177FED00281A9D /* SourceCodeRegular.ttf */ = {isa = PBXFileReference; lastKnownFileType = file; path = SourceCodeRegular.ttf; sourceTree = "<group>"; };
		D44C2BEA2717803700281A9D /* Info.plist */ = {isa = PBXFileReference; lastKnownFileType = text.plist; path = Info.plist; sourceTree = "<group>"; };
		D44C2BEB2717806700281A9D /* db.swift */ = {isa = PBXFileReference; lastKnownFileType = sourcecode.swift; path = db.swift; sourceTree = "<group>"; };
		D44C2BFF2717810100281A9D /* AddView.swift */ = {isa = PBXFileReference; fileEncoding = 4; lastKnownFileType = sourcecode.swift; path = AddView.swift; sourceTree = "<group>"; };
		D44C2C01271781AD00281A9D /* logic.swift */ = {isa = PBXFileReference; lastKnownFileType = sourcecode.swift; path = logic.swift; sourceTree = "<group>"; };
		D44C2C04271785EF00281A9D /* Launch Screen.storyboard */ = {isa = PBXFileReference; fileEncoding = 4; lastKnownFileType = file.storyboard; path = "Launch Screen.storyboard"; sourceTree = "<group>"; };
		D44C2C06271790F700281A9D /* taskView.swift */ = {isa = PBXFileReference; lastKnownFileType = sourcecode.swift; path = taskView.swift; sourceTree = "<group>"; };
		D44C2C0A271821BD00281A9D /* gestures.swift */ = {isa = PBXFileReference; lastKnownFileType = sourcecode.swift; path = gestures.swift; sourceTree = "<group>"; };
		D44C2C0D271825C300281A9D /* SettingsView.swift */ = {isa = PBXFileReference; lastKnownFileType = sourcecode.swift; path = SettingsView.swift; sourceTree = "<group>"; };
/* End PBXFileReference section */

/* Begin PBXFrameworksBuildPhase section */
		D44C2BA627177F0500281A9D /* Frameworks */ = {
			isa = PBXFrameworksBuildPhase;
			buildActionMask = 2147483647;
			files = (
				D44C2BF7271780A800281A9D /* RealmSwift in Frameworks */,
				D44C2BF5271780A800281A9D /* Realm in Frameworks */,
				D44C2BEF2717807D00281A9D /* Alamofire in Frameworks */,
				D44C2BFD271780D200281A9D /* YandexMobileMetrica in Frameworks */,
				D44C2BFA271780BD00281A9D /* SwiftyJSON in Frameworks */,
				D44C2BF22717808900281A9D /* Introspect in Frameworks */,
			);
			runOnlyForDeploymentPostprocessing = 0;
		};
		D44C2BB627177F0700281A9D /* Frameworks */ = {
			isa = PBXFrameworksBuildPhase;
			buildActionMask = 2147483647;
			files = (
			);
			runOnlyForDeploymentPostprocessing = 0;
		};
		D44C2BC027177F0700281A9D /* Frameworks */ = {
			isa = PBXFrameworksBuildPhase;
			buildActionMask = 2147483647;
			files = (
			);
			runOnlyForDeploymentPostprocessing = 0;
		};
/* End PBXFrameworksBuildPhase section */

/* Begin PBXGroup section */
		D44C2BA027177F0500281A9D = {
			isa = PBXGroup;
			children = (
				D44C2BAB27177F0500281A9D /* Planner */,
				D44C2BBC27177F0700281A9D /* PlannerTests */,
				D44C2BC627177F0700281A9D /* PlannerUITests */,
				D44C2BAA27177F0500281A9D /* Products */,
			);
			sourceTree = "<group>";
		};
		D44C2BAA27177F0500281A9D /* Products */ = {
			isa = PBXGroup;
			children = (
				D44C2BA927177F0500281A9D /* Planner.app */,
				D44C2BB927177F0700281A9D /* PlannerTests.xctest */,
				D44C2BC327177F0700281A9D /* PlannerUITests.xctest */,
			);
			name = Products;
			sourceTree = "<group>";
		};
		D44C2BAB27177F0500281A9D /* Planner */ = {
			isa = PBXGroup;
			children = (
				D44C2BEA2717803700281A9D /* Info.plist */,
				D44C2BDB27177FD700281A9D /* settings.swift */,
				D44C2BE527177FED00281A9D /* fonts */,
				D44C2BD827177F6C00281A9D /* logic */,
				D44C2BD727177F6600281A9D /* pages */,
				D44C2BD627177F5E00281A9D /* extensions */,
				D44C2BAC27177F0500281A9D /* PlannerApp.swift */,
				D44C2BAE27177F0500281A9D /* Start.swift */,
				D44C2BB027177F0700281A9D /* Assets.xcassets */,
				D44C2C04271785EF00281A9D /* Launch Screen.storyboard */,
				D44C2BB227177F0700281A9D /* Preview Content */,
			);
			path = Planner;
			sourceTree = "<group>";
		};
		D44C2BB227177F0700281A9D /* Preview Content */ = {
			isa = PBXGroup;
			children = (
				D44C2BB327177F0700281A9D /* Preview Assets.xcassets */,
			);
			path = "Preview Content";
			sourceTree = "<group>";
		};
		D44C2BBC27177F0700281A9D /* PlannerTests */ = {
			isa = PBXGroup;
			children = (
				D44C2BBD27177F0700281A9D /* PlannerTests.swift */,
			);
			path = PlannerTests;
			sourceTree = "<group>";
		};
		D44C2BC627177F0700281A9D /* PlannerUITests */ = {
			isa = PBXGroup;
			children = (
				D44C2BC727177F0700281A9D /* PlannerUITests.swift */,
				D44C2BC927177F0700281A9D /* PlannerUITestsLaunchTests.swift */,
			);
			path = PlannerUITests;
			sourceTree = "<group>";
		};
		D44C2BD627177F5E00281A9D /* extensions */ = {
			isa = PBXGroup;
			children = (
				D44C2BE027177FE400281A9D /* buttons.swift */,
				D44C2BDF27177FE400281A9D /* colors.swift */,
				D44C2BDD27177FE400281A9D /* search.swift */,
				D44C2BDE27177FE400281A9D /* strings.swift */,
				D44C2C0A271821BD00281A9D /* gestures.swift */,
			);
			path = extensions;
			sourceTree = "<group>";
		};
		D44C2BD727177F6600281A9D /* pages */ = {
			isa = PBXGroup;
			children = (
				D44C2C0C271825B600281A9D /* settings */,
				D44C2C03271785C500281A9D /* tasks */,
				D44C2BFE2717810100281A9D /* add */,
				D44C2BD927177F9900281A9D /* HomeView.swift */,
			);
			path = pages;
			sourceTree = "<group>";
		};
		D44C2BD827177F6C00281A9D /* logic */ = {
			isa = PBXGroup;
			children = (
				D44C2BEB2717806700281A9D /* db.swift */,
				D44C2C01271781AD00281A9D /* logic.swift */,
			);
			path = logic;
			sourceTree = "<group>";
		};
		D44C2BE527177FED00281A9D /* fonts */ = {
			isa = PBXGroup;
			children = (
				D44C2BE627177FED00281A9D /* SpectralMedium.ttf */,
				D44C2BE727177FED00281A9D /* SourceCodeRegular.ttf */,
			);
			path = fonts;
			sourceTree = "<group>";
		};
		D44C2BFE2717810100281A9D /* add */ = {
			isa = PBXGroup;
			children = (
				D44C2BFF2717810100281A9D /* AddView.swift */,
			);
			path = add;
			sourceTree = "<group>";
		};
		D44C2C03271785C500281A9D /* tasks */ = {
			isa = PBXGroup;
			children = (
				D44C2C06271790F700281A9D /* taskView.swift */,
			);
			path = tasks;
			sourceTree = "<group>";
		};
		D44C2C0C271825B600281A9D /* settings */ = {
			isa = PBXGroup;
			children = (
				D44C2C0D271825C300281A9D /* SettingsView.swift */,
			);
			path = settings;
			sourceTree = "<group>";
		};
/* End PBXGroup section */

/* Begin PBXNativeTarget section */
		D44C2BA827177F0500281A9D /* Planner */ = {
			isa = PBXNativeTarget;
			buildConfigurationList = D44C2BCD27177F0700281A9D /* Build configuration list for PBXNativeTarget "Planner" */;
			buildPhases = (
				D44C2BA527177F0500281A9D /* Sources */,
				D44C2BA627177F0500281A9D /* Frameworks */,
				D44C2BA727177F0500281A9D /* Resources */,
			);
			buildRules = (
			);
			dependencies = (
			);
			name = Planner;
			packageProductDependencies = (
				D44C2BEE2717807D00281A9D /* Alamofire */,
				D44C2BF12717808900281A9D /* Introspect */,
				D44C2BF4271780A800281A9D /* Realm */,
				D44C2BF6271780A800281A9D /* RealmSwift */,
				D44C2BF9271780BD00281A9D /* SwiftyJSON */,
				D44C2BFC271780D200281A9D /* YandexMobileMetrica */,
			);
			productName = Planner;
			productReference = D44C2BA927177F0500281A9D /* Planner.app */;
			productType = "com.apple.product-type.application";
		};
		D44C2BB827177F0700281A9D /* PlannerTests */ = {
			isa = PBXNativeTarget;
			buildConfigurationList = D44C2BD027177F0700281A9D /* Build configuration list for PBXNativeTarget "PlannerTests" */;
			buildPhases = (
				D44C2BB527177F0700281A9D /* Sources */,
				D44C2BB627177F0700281A9D /* Frameworks */,
				D44C2BB727177F0700281A9D /* Resources */,
			);
			buildRules = (
			);
			dependencies = (
				D44C2BBB27177F0700281A9D /* PBXTargetDependency */,
			);
			name = PlannerTests;
			productName = PlannerTests;
			productReference = D44C2BB927177F0700281A9D /* PlannerTests.xctest */;
			productType = "com.apple.product-type.bundle.unit-test";
		};
		D44C2BC227177F0700281A9D /* PlannerUITests */ = {
			isa = PBXNativeTarget;
			buildConfigurationList = D44C2BD327177F0700281A9D /* Build configuration list for PBXNativeTarget "PlannerUITests" */;
			buildPhases = (
				D44C2BBF27177F0700281A9D /* Sources */,
				D44C2BC027177F0700281A9D /* Frameworks */,
				D44C2BC127177F0700281A9D /* Resources */,
			);
			buildRules = (
			);
			dependencies = (
				D44C2BC527177F0700281A9D /* PBXTargetDependency */,
			);
			name = PlannerUITests;
			productName = PlannerUITests;
			productReference = D44C2BC327177F0700281A9D /* PlannerUITests.xctest */;
			productType = "com.apple.product-type.bundle.ui-testing";
		};
/* End PBXNativeTarget section */

/* Begin PBXProject section */
		D44C2BA127177F0500281A9D /* Project object */ = {
			isa = PBXProject;
			attributes = {
				BuildIndependentTargetsInParallel = 1;
				LastSwiftUpdateCheck = 1300;
				LastUpgradeCheck = 1300;
				TargetAttributes = {
					D44C2BA827177F0500281A9D = {
						CreatedOnToolsVersion = 13.0;
					};
					D44C2BB827177F0700281A9D = {
						CreatedOnToolsVersion = 13.0;
						TestTargetID = D44C2BA827177F0500281A9D;
					};
					D44C2BC227177F0700281A9D = {
						CreatedOnToolsVersion = 13.0;
						TestTargetID = D44C2BA827177F0500281A9D;
					};
				};
			};
			buildConfigurationList = D44C2BA427177F0500281A9D /* Build configuration list for PBXProject "Planner" */;
			compatibilityVersion = "Xcode 13.0";
			developmentRegion = en;
			hasScannedForEncodings = 0;
			knownRegions = (
				en,
				Base,
			);
			mainGroup = D44C2BA027177F0500281A9D;
			packageReferences = (
				D44C2BED2717807D00281A9D /* XCRemoteSwiftPackageReference "Alamofire" */,
				D44C2BF02717808900281A9D /* XCRemoteSwiftPackageReference "SwiftUI-Introspect" */,
				D44C2BF3271780A800281A9D /* XCRemoteSwiftPackageReference "realm-cocoa" */,
				D44C2BF8271780BD00281A9D /* XCRemoteSwiftPackageReference "SwiftyJSON" */,
				D44C2BFB271780D200281A9D /* XCRemoteSwiftPackageReference "metrica-sdk-ios" */,
			);
			productRefGroup = D44C2BAA27177F0500281A9D /* Products */;
			projectDirPath = "";
			projectRoot = "";
			targets = (
				D44C2BA827177F0500281A9D /* Planner */,
				D44C2BB827177F0700281A9D /* PlannerTests */,
				D44C2BC227177F0700281A9D /* PlannerUITests */,
			);
		};
/* End PBXProject section */

/* Begin PBXResourcesBuildPhase section */
		D44C2BA727177F0500281A9D /* Resources */ = {
			isa = PBXResourcesBuildPhase;
			buildActionMask = 2147483647;
			files = (
				D44C2BB427177F0700281A9D /* Preview Assets.xcassets in Resources */,
				D44C2BE827177FED00281A9D /* SpectralMedium.ttf in Resources */,
				D44C2BB127177F0700281A9D /* Assets.xcassets in Resources */,
				D44C2C05271785EF00281A9D /* Launch Screen.storyboard in Resources */,
				D44C2BE927177FED00281A9D /* SourceCodeRegular.ttf in Resources */,
			);
			runOnlyForDeploymentPostprocessing = 0;
		};
		D44C2BB727177F0700281A9D /* Resources */ = {
			isa = PBXResourcesBuildPhase;
			buildActionMask = 2147483647;
			files = (
			);
			runOnlyForDeploymentPostprocessing = 0;
		};
		D44C2BC127177F0700281A9D /* Resources */ = {
			isa = PBXResourcesBuildPhase;
			buildActionMask = 2147483647;
			files = (
			);
			runOnlyForDeploymentPostprocessing = 0;
		};
/* End PBXResourcesBuildPhase section */

/* Begin PBXSourcesBuildPhase section */
		D44C2BA527177F0500281A9D /* Sources */ = {
			isa = PBXSourcesBuildPhase;
			buildActionMask = 2147483647;
			files = (
				D44C2BDA27177F9900281A9D /* HomeView.swift in Sources */,
				D44C2BAF27177F0500281A9D /* Start.swift in Sources */,
				D44C2BE327177FE400281A9D /* colors.swift in Sources */,
				D44C2C02271781AD00281A9D /* logic.swift in Sources */,
				D44C2C0B271821BD00281A9D /* gestures.swift in Sources */,
				D44C2BE227177FE400281A9D /* strings.swift in Sources */,
				D44C2BEC2717806700281A9D /* db.swift in Sources */,
				D44C2C0E271825C300281A9D /* SettingsView.swift in Sources */,
				D44C2BE127177FE400281A9D /* search.swift in Sources */,
				D44C2BDC27177FD700281A9D /* settings.swift in Sources */,
				D44C2BAD27177F0500281A9D /* PlannerApp.swift in Sources */,
				D44C2BE427177FE400281A9D /* buttons.swift in Sources */,
				D44C2C002717810100281A9D /* AddView.swift in Sources */,
				D44C2C07271790F700281A9D /* taskView.swift in Sources */,
			);
			runOnlyForDeploymentPostprocessing = 0;
		};
		D44C2BB527177F0700281A9D /* Sources */ = {
			isa = PBXSourcesBuildPhase;
			buildActionMask = 2147483647;
			files = (
				D44C2BBE27177F0700281A9D /* PlannerTests.swift in Sources */,
			);
			runOnlyForDeploymentPostprocessing = 0;
		};
		D44C2BBF27177F0700281A9D /* Sources */ = {
			isa = PBXSourcesBuildPhase;
			buildActionMask = 2147483647;
			files = (
				D44C2BC827177F0700281A9D /* PlannerUITests.swift in Sources */,
				D44C2BCA27177F0700281A9D /* PlannerUITestsLaunchTests.swift in Sources */,
			);
			runOnlyForDeploymentPostprocessing = 0;
		};
/* End PBXSourcesBuildPhase section */

/* Begin PBXTargetDependency section */
		D44C2BBB27177F0700281A9D /* PBXTargetDependency */ = {
			isa = PBXTargetDependency;
			target = D44C2BA827177F0500281A9D /* Planner */;
			targetProxy = D44C2BBA27177F0700281A9D /* PBXContainerItemProxy */;
		};
		D44C2BC527177F0700281A9D /* PBXTargetDependency */ = {
			isa = PBXTargetDependency;
			target = D44C2BA827177F0500281A9D /* Planner */;
			targetProxy = D44C2BC427177F0700281A9D /* PBXContainerItemProxy */;
		};
/* End PBXTargetDependency section */

/* Begin XCBuildConfiguration section */
		D44C2BCB27177F0700281A9D /* Debug */ = {
			isa = XCBuildConfiguration;
			buildSettings = {
				ALWAYS_SEARCH_USER_PATHS = NO;
				CLANG_ANALYZER_NONNULL = YES;
				CLANG_ANALYZER_NUMBER_OBJECT_CONVERSION = YES_AGGRESSIVE;
				CLANG_CXX_LANGUAGE_STANDARD = "gnu++17";
				CLANG_CXX_LIBRARY = "libc++";
				CLANG_ENABLE_MODULES = YES;
				CLANG_ENABLE_OBJC_ARC = YES;
				CLANG_ENABLE_OBJC_WEAK = YES;
				CLANG_WARN_BLOCK_CAPTURE_AUTORELEASING = YES;
				CLANG_WARN_BOOL_CONVERSION = YES;
				CLANG_WARN_COMMA = YES;
				CLANG_WARN_CONSTANT_CONVERSION = YES;
				CLANG_WARN_DEPRECATED_OBJC_IMPLEMENTATIONS = YES;
				CLANG_WARN_DIRECT_OBJC_ISA_USAGE = YES_ERROR;
				CLANG_WARN_DOCUMENTATION_COMMENTS = YES;
				CLANG_WARN_EMPTY_BODY = YES;
				CLANG_WARN_ENUM_CONVERSION = YES;
				CLANG_WARN_INFINITE_RECURSION = YES;
				CLANG_WARN_INT_CONVERSION = YES;
				CLANG_WARN_NON_LITERAL_NULL_CONVERSION = YES;
				CLANG_WARN_OBJC_IMPLICIT_RETAIN_SELF = YES;
				CLANG_WARN_OBJC_LITERAL_CONVERSION = YES;
				CLANG_WARN_OBJC_ROOT_CLASS = YES_ERROR;
				CLANG_WARN_QUOTED_INCLUDE_IN_FRAMEWORK_HEADER = YES;
				CLANG_WARN_RANGE_LOOP_ANALYSIS = YES;
				CLANG_WARN_STRICT_PROTOTYPES = YES;
				CLANG_WARN_SUSPICIOUS_MOVE = YES;
				CLANG_WARN_UNGUARDED_AVAILABILITY = YES_AGGRESSIVE;
				CLANG_WARN_UNREACHABLE_CODE = YES;
				CLANG_WARN__DUPLICATE_METHOD_MATCH = YES;
				COPY_PHASE_STRIP = NO;
				DEBUG_INFORMATION_FORMAT = dwarf;
				ENABLE_STRICT_OBJC_MSGSEND = YES;
				ENABLE_TESTABILITY = YES;
				GCC_C_LANGUAGE_STANDARD = gnu11;
				GCC_DYNAMIC_NO_PIC = NO;
				GCC_NO_COMMON_BLOCKS = YES;
				GCC_OPTIMIZATION_LEVEL = 0;
				GCC_PREPROCESSOR_DEFINITIONS = (
					"DEBUG=1",
					"$(inherited)",
				);
				GCC_WARN_64_TO_32_BIT_CONVERSION = YES;
				GCC_WARN_ABOUT_RETURN_TYPE = YES_ERROR;
				GCC_WARN_UNDECLARED_SELECTOR = YES;
				GCC_WARN_UNINITIALIZED_AUTOS = YES_AGGRESSIVE;
				GCC_WARN_UNUSED_FUNCTION = YES;
				GCC_WARN_UNUSED_VARIABLE = YES;
				IPHONEOS_DEPLOYMENT_TARGET = 15.0;
				MTL_ENABLE_DEBUG_INFO = INCLUDE_SOURCE;
				MTL_FAST_MATH = YES;
				ONLY_ACTIVE_ARCH = YES;
				SDKROOT = iphoneos;
				SWIFT_ACTIVE_COMPILATION_CONDITIONS = DEBUG;
				SWIFT_OPTIMIZATION_LEVEL = "-Onone";
			};
			name = Debug;
		};
		D44C2BCC27177F0700281A9D /* Release */ = {
			isa = XCBuildConfiguration;
			buildSettings = {
				ALWAYS_SEARCH_USER_PATHS = NO;
				CLANG_ANALYZER_NONNULL = YES;
				CLANG_ANALYZER_NUMBER_OBJECT_CONVERSION = YES_AGGRESSIVE;
				CLANG_CXX_LANGUAGE_STANDARD = "gnu++17";
				CLANG_CXX_LIBRARY = "libc++";
				CLANG_ENABLE_MODULES = YES;
				CLANG_ENABLE_OBJC_ARC = YES;
				CLANG_ENABLE_OBJC_WEAK = YES;
				CLANG_WARN_BLOCK_CAPTURE_AUTORELEASING = YES;
				CLANG_WARN_BOOL_CONVERSION = YES;
				CLANG_WARN_COMMA = YES;
				CLANG_WARN_CONSTANT_CONVERSION = YES;
				CLANG_WARN_DEPRECATED_OBJC_IMPLEMENTATIONS = YES;
				CLANG_WARN_DIRECT_OBJC_ISA_USAGE = YES_ERROR;
				CLANG_WARN_DOCUMENTATION_COMMENTS = YES;
				CLANG_WARN_EMPTY_BODY = YES;
				CLANG_WARN_ENUM_CONVERSION = YES;
				CLANG_WARN_INFINITE_RECURSION = YES;
				CLANG_WARN_INT_CONVERSION = YES;
				CLANG_WARN_NON_LITERAL_NULL_CONVERSION = YES;
				CLANG_WARN_OBJC_IMPLICIT_RETAIN_SELF = YES;
				CLANG_WARN_OBJC_LITERAL_CONVERSION = YES;
				CLANG_WARN_OBJC_ROOT_CLASS = YES_ERROR;
				CLANG_WARN_QUOTED_INCLUDE_IN_FRAMEWORK_HEADER = YES;
				CLANG_WARN_RANGE_LOOP_ANALYSIS = YES;
				CLANG_WARN_STRICT_PROTOTYPES = YES;
				CLANG_WARN_SUSPICIOUS_MOVE = YES;
				CLANG_WARN_UNGUARDED_AVAILABILITY = YES_AGGRESSIVE;
				CLANG_WARN_UNREACHABLE_CODE = YES;
				CLANG_WARN__DUPLICATE_METHOD_MATCH = YES;
				COPY_PHASE_STRIP = NO;
				DEBUG_INFORMATION_FORMAT = "dwarf-with-dsym";
				ENABLE_NS_ASSERTIONS = NO;
				ENABLE_STRICT_OBJC_MSGSEND = YES;
				GCC_C_LANGUAGE_STANDARD = gnu11;
				GCC_NO_COMMON_BLOCKS = YES;
				GCC_WARN_64_TO_32_BIT_CONVERSION = YES;
				GCC_WARN_ABOUT_RETURN_TYPE = YES_ERROR;
				GCC_WARN_UNDECLARED_SELECTOR = YES;
				GCC_WARN_UNINITIALIZED_AUTOS = YES_AGGRESSIVE;
				GCC_WARN_UNUSED_FUNCTION = YES;
				GCC_WARN_UNUSED_VARIABLE = YES;
				IPHONEOS_DEPLOYMENT_TARGET = 15.0;
				MTL_ENABLE_DEBUG_INFO = NO;
				MTL_FAST_MATH = YES;
				SDKROOT = iphoneos;
				SWIFT_COMPILATION_MODE = wholemodule;
				SWIFT_OPTIMIZATION_LEVEL = "-O";
				VALIDATE_PRODUCT = YES;
			};
			name = Release;
		};
		D44C2BCE27177F0700281A9D /* Debug */ = {
			isa = XCBuildConfiguration;
			buildSettings = {
				ASSETCATALOG_COMPILER_APPICON_NAME = AppIcon;
				ASSETCATALOG_COMPILER_GLOBAL_ACCENT_COLOR_NAME = AccentColor;
				CODE_SIGN_STYLE = Automatic;
				CURRENT_PROJECT_VERSION = 1;
				DEVELOPMENT_ASSET_PATHS = "\"Planner/Preview Content\"";
				DEVELOPMENT_TEAM = 85573LNX28;
				ENABLE_PREVIEWS = YES;
				GENERATE_INFOPLIST_FILE = YES;
				INFOPLIST_FILE = Planner/Info.plist;
				INFOPLIST_KEY_UIApplicationSceneManifest_Generation = YES;
				INFOPLIST_KEY_UIApplicationSupportsIndirectInputEvents = YES;
				INFOPLIST_KEY_UILaunchScreen_Generation = YES;
				INFOPLIST_KEY_UILaunchStoryboardName = "Launch Screen";
				INFOPLIST_KEY_UISupportedInterfaceOrientations = UIInterfaceOrientationPortrait;
				INFOPLIST_KEY_UISupportedInterfaceOrientations_iPad = "UIInterfaceOrientationPortrait UIInterfaceOrientationPortraitUpsideDown UIInterfaceOrientationLandscapeLeft UIInterfaceOrientationLandscapeRight";
				INFOPLIST_KEY_UISupportedInterfaceOrientations_iPhone = "UIInterfaceOrientationPortrait UIInterfaceOrientationLandscapeLeft UIInterfaceOrientationLandscapeRight";
				IPHONEOS_DEPLOYMENT_TARGET = 14.0;
				LD_RUNPATH_SEARCH_PATHS = (
					"$(inherited)",
					"@executable_path/Frameworks",
				);
				MARKETING_VERSION = 1.0;
				PRODUCT_BUNDLE_IDENTIFIER = thenoco.co.Planner;
				PRODUCT_NAME = "$(TARGET_NAME)";
				SWIFT_EMIT_LOC_STRINGS = YES;
				SWIFT_VERSION = 5.0;
				TARGETED_DEVICE_FAMILY = 1;
			};
			name = Debug;
		};
		D44C2BCF27177F0700281A9D /* Release */ = {
			isa = XCBuildConfiguration;
			buildSettings = {
				ASSETCATALOG_COMPILER_APPICON_NAME = AppIcon;
				ASSETCATALOG_COMPILER_GLOBAL_ACCENT_COLOR_NAME = AccentColor;
				CODE_SIGN_STYLE = Automatic;
				CURRENT_PROJECT_VERSION = 1;
				DEVELOPMENT_ASSET_PATHS = "\"Planner/Preview Content\"";
				DEVELOPMENT_TEAM = 85573LNX28;
				ENABLE_PREVIEWS = YES;
				GENERATE_INFOPLIST_FILE = YES;
				INFOPLIST_FILE = Planner/Info.plist;
				INFOPLIST_KEY_UIApplicationSceneManifest_Generation = YES;
				INFOPLIST_KEY_UIApplicationSupportsIndirectInputEvents = YES;
				INFOPLIST_KEY_UILaunchScreen_Generation = YES;
				INFOPLIST_KEY_UILaunchStoryboardName = "Launch Screen";
				INFOPLIST_KEY_UISupportedInterfaceOrientations = UIInterfaceOrientationPortrait;
				INFOPLIST_KEY_UISupportedInterfaceOrientations_iPad = "UIInterfaceOrientationPortrait UIInterfaceOrientationPortraitUpsideDown UIInterfaceOrientationLandscapeLeft UIInterfaceOrientationLandscapeRight";
				INFOPLIST_KEY_UISupportedInterfaceOrientations_iPhone = "UIInterfaceOrientationPortrait UIInterfaceOrientationLandscapeLeft UIInterfaceOrientationLandscapeRight";
				IPHONEOS_DEPLOYMENT_TARGET = 14.0;
				LD_RUNPATH_SEARCH_PATHS = (
					"$(inherited)",
					"@executable_path/Frameworks",
				);
				MARKETING_VERSION = 1.0;
				PRODUCT_BUNDLE_IDENTIFIER = thenoco.co.Planner;
				PRODUCT_NAME = "$(TARGET_NAME)";
				SWIFT_EMIT_LOC_STRINGS = YES;
				SWIFT_VERSION = 5.0;
				TARGETED_DEVICE_FAMILY = 1;
			};
			name = Release;
		};
		D44C2BD127177F0700281A9D /* Debug */ = {
			isa = XCBuildConfiguration;
			buildSettings = {
				ALWAYS_EMBED_SWIFT_STANDARD_LIBRARIES = YES;
				BUNDLE_LOADER = "$(TEST_HOST)";
				CODE_SIGN_STYLE = Automatic;
				CURRENT_PROJECT_VERSION = 1;
				DEVELOPMENT_TEAM = 85573LNX28;
				GENERATE_INFOPLIST_FILE = YES;
				IPHONEOS_DEPLOYMENT_TARGET = 14.0;
				LD_RUNPATH_SEARCH_PATHS = (
					"$(inherited)",
					"@executable_path/Frameworks",
					"@loader_path/Frameworks",
				);
				MARKETING_VERSION = 1.0;
				PRODUCT_BUNDLE_IDENTIFIER = thenoco.co.PlannerTests;
				PRODUCT_NAME = "$(TARGET_NAME)";
				SWIFT_EMIT_LOC_STRINGS = NO;
				SWIFT_VERSION = 5.0;
				TARGETED_DEVICE_FAMILY = "1,2";
				TEST_HOST = "$(BUILT_PRODUCTS_DIR)/Planner.app/Planner";
			};
			name = Debug;
		};
		D44C2BD227177F0700281A9D /* Release */ = {
			isa = XCBuildConfiguration;
			buildSettings = {
				ALWAYS_EMBED_SWIFT_STANDARD_LIBRARIES = YES;
				BUNDLE_LOADER = "$(TEST_HOST)";
				CODE_SIGN_STYLE = Automatic;
				CURRENT_PROJECT_VERSION = 1;
				DEVELOPMENT_TEAM = 85573LNX28;
				GENERATE_INFOPLIST_FILE = YES;
				IPHONEOS_DEPLOYMENT_TARGET = 14.0;
				LD_RUNPATH_SEARCH_PATHS = (
					"$(inherited)",
					"@executable_path/Frameworks",
					"@loader_path/Frameworks",
				);
				MARKETING_VERSION = 1.0;
				PRODUCT_BUNDLE_IDENTIFIER = thenoco.co.PlannerTests;
				PRODUCT_NAME = "$(TARGET_NAME)";
				SWIFT_EMIT_LOC_STRINGS = NO;
				SWIFT_VERSION = 5.0;
				TARGETED_DEVICE_FAMILY = "1,2";
				TEST_HOST = "$(BUILT_PRODUCTS_DIR)/Planner.app/Planner";
			};
			name = Release;
		};
		D44C2BD427177F0700281A9D /* Debug */ = {
			isa = XCBuildConfiguration;
			buildSettings = {
				ALWAYS_EMBED_SWIFT_STANDARD_LIBRARIES = YES;
				CODE_SIGN_STYLE = Automatic;
				CURRENT_PROJECT_VERSION = 1;
				DEVELOPMENT_TEAM = 85573LNX28;
				GENERATE_INFOPLIST_FILE = YES;
				LD_RUNPATH_SEARCH_PATHS = (
					"$(inherited)",
					"@executable_path/Frameworks",
					"@loader_path/Frameworks",
				);
				MARKETING_VERSION = 1.0;
				PRODUCT_BUNDLE_IDENTIFIER = thenoco.co.PlannerUITests;
				PRODUCT_NAME = "$(TARGET_NAME)";
				SWIFT_EMIT_LOC_STRINGS = NO;
				SWIFT_VERSION = 5.0;
				TARGETED_DEVICE_FAMILY = "1,2";
				TEST_TARGET_NAME = Planner;
			};
			name = Debug;
		};
		D44C2BD527177F0700281A9D /* Release */ = {
			isa = XCBuildConfiguration;
			buildSettings = {
				ALWAYS_EMBED_SWIFT_STANDARD_LIBRARIES = YES;
				CODE_SIGN_STYLE = Automatic;
				CURRENT_PROJECT_VERSION = 1;
				DEVELOPMENT_TEAM = 85573LNX28;
				GENERATE_INFOPLIST_FILE = YES;
				LD_RUNPATH_SEARCH_PATHS = (
					"$(inherited)",
					"@executable_path/Frameworks",
					"@loader_path/Frameworks",
				);
				MARKETING_VERSION = 1.0;
				PRODUCT_BUNDLE_IDENTIFIER = thenoco.co.PlannerUITests;
				PRODUCT_NAME = "$(TARGET_NAME)";
				SWIFT_EMIT_LOC_STRINGS = NO;
				SWIFT_VERSION = 5.0;
				TARGETED_DEVICE_FAMILY = "1,2";
				TEST_TARGET_NAME = Planner;
			};
			name = Release;
		};
/* End XCBuildConfiguration section */

/* Begin XCConfigurationList section */
		D44C2BA427177F0500281A9D /* Build configuration list for PBXProject "Planner" */ = {
			isa = XCConfigurationList;
			buildConfigurations = (
				D44C2BCB27177F0700281A9D /* Debug */,
				D44C2BCC27177F0700281A9D /* Release */,
			);
			defaultConfigurationIsVisible = 0;
			defaultConfigurationName = Release;
		};
		D44C2BCD27177F0700281A9D /* Build configuration list for PBXNativeTarget "Planner" */ = {
			isa = XCConfigurationList;
			buildConfigurations = (
				D44C2BCE27177F0700281A9D /* Debug */,
				D44C2BCF27177F0700281A9D /* Release */,
			);
			defaultConfigurationIsVisible = 0;
			defaultConfigurationName = Release;
		};
		D44C2BD027177F0700281A9D /* Build configuration list for PBXNativeTarget "PlannerTests" */ = {
			isa = XCConfigurationList;
			buildConfigurations = (
				D44C2BD127177F0700281A9D /* Debug */,
				D44C2BD227177F0700281A9D /* Release */,
			);
			defaultConfigurationIsVisible = 0;
			defaultConfigurationName = Release;
		};
		D44C2BD327177F0700281A9D /* Build configuration list for PBXNativeTarget "PlannerUITests" */ = {
			isa = XCConfigurationList;
			buildConfigurations = (
				D44C2BD427177F0700281A9D /* Debug */,
				D44C2BD527177F0700281A9D /* Release */,
			);
			defaultConfigurationIsVisible = 0;
			defaultConfigurationName = Release;
		};
/* End XCConfigurationList section */

/* Begin XCRemoteSwiftPackageReference section */
		D44C2BED2717807D00281A9D /* XCRemoteSwiftPackageReference "Alamofire" */ = {
			isa = XCRemoteSwiftPackageReference;
			repositoryURL = "https://github.com/Alamofire/Alamofire";
			requirement = {
				branch = master;
				kind = branch;
			};
		};
		D44C2BF02717808900281A9D /* XCRemoteSwiftPackageReference "SwiftUI-Introspect" */ = {
			isa = XCRemoteSwiftPackageReference;
			repositoryURL = "https://github.com/siteline/SwiftUI-Introspect.git";
			requirement = {
				branch = master;
				kind = branch;
			};
		};
		D44C2BF3271780A800281A9D /* XCRemoteSwiftPackageReference "realm-cocoa" */ = {
			isa = XCRemoteSwiftPackageReference;
			repositoryURL = "https://github.com/realm/realm-cocoa";
			requirement = {
				branch = master;
				kind = branch;
			};
		};
		D44C2BF8271780BD00281A9D /* XCRemoteSwiftPackageReference "SwiftyJSON" */ = {
			isa = XCRemoteSwiftPackageReference;
			repositoryURL = "https://github.com/SwiftyJSON/SwiftyJSON";
			requirement = {
				branch = master;
				kind = branch;
			};
		};
		D44C2BFB271780D200281A9D /* XCRemoteSwiftPackageReference "metrica-sdk-ios" */ = {
			isa = XCRemoteSwiftPackageReference;
			repositoryURL = "https://github.com/yandexmobile/metrica-sdk-ios";
			requirement = {
				branch = master;
				kind = branch;
			};
		};
/* End XCRemoteSwiftPackageReference section */

/* Begin XCSwiftPackageProductDependency section */
		D44C2BEE2717807D00281A9D /* Alamofire */ = {
			isa = XCSwiftPackageProductDependency;
			package = D44C2BED2717807D00281A9D /* XCRemoteSwiftPackageReference "Alamofire" */;
			productName = Alamofire;
		};
		D44C2BF12717808900281A9D /* Introspect */ = {
			isa = XCSwiftPackageProductDependency;
			package = D44C2BF02717808900281A9D /* XCRemoteSwiftPackageReference "SwiftUI-Introspect" */;
			productName = Introspect;
		};
		D44C2BF4271780A800281A9D /* Realm */ = {
			isa = XCSwiftPackageProductDependency;
			package = D44C2BF3271780A800281A9D /* XCRemoteSwiftPackageReference "realm-cocoa" */;
			productName = Realm;
		};
		D44C2BF6271780A800281A9D /* RealmSwift */ = {
			isa = XCSwiftPackageProductDependency;
			package = D44C2BF3271780A800281A9D /* XCRemoteSwiftPackageReference "realm-cocoa" */;
			productName = RealmSwift;
		};
		D44C2BF9271780BD00281A9D /* SwiftyJSON */ = {
			isa = XCSwiftPackageProductDependency;
			package = D44C2BF8271780BD00281A9D /* XCRemoteSwiftPackageReference "SwiftyJSON" */;
			productName = SwiftyJSON;
		};
		D44C2BFC271780D200281A9D /* YandexMobileMetrica */ = {
			isa = XCSwiftPackageProductDependency;
			package = D44C2BFB271780D200281A9D /* XCRemoteSwiftPackageReference "metrica-sdk-ios" */;
			productName = YandexMobileMetrica;
		};
/* End XCSwiftPackageProductDependency section */
	};
	rootObject = D44C2BA127177F0500281A9D /* Project object */;
}
